{
  "originHash" : "615c2ea6bab32485eb639aec88443968d5ef890334eb8f91afe173afe6a2aa36",
  "pins" : [
    {
      "identity" : "sentry-cocoa",
      "kind" : "remoteSourceControl",
      "location" : "https://github.com/getsentry/sentry-cocoa",
      "state" : {
        "revision" : "54d5fbcdea46c37a5de01bab5fef48dc78baec84",
        "version" : "9.12.1"
      }
    },
    {
      "identity" : "sweetcookiekit",
      "kind" : "remoteSourceControl",
      "location" : "https://github.com/steipete/SweetCookieKit",
      "state" : {
        "revision" : "21bedea672a3e63ccad24d744051e76cdf0462dd",
        "version" : "0.4.1"
      }
    }
  ],
  "version" : 3
}
