{
  "pins" : [
    {
      "identity" : "sentry-cocoa",
      "kind" : "remoteSourceControl",
      "location" : "https://github.com/getsentry/sentry-cocoa",
      "state" : {
        "revision" : "a49e7c2148ac9e38bd35ef4f13bc9d6ea3ff0b81",
        "version" : "9.11.0"
      }
    }
  ],
  "version" : 2
}
